
Microsoft Visual Studio Solution File, Format Version 12.00
# Visual Studio Version 17
VisualStudioVersion = 17.11.35208.52
MinimumVisualStudioVersion = 10.0.40219.1
Project("{FAE04EC0-301F-11D3-BF4B-00C04F79EFBC}") = "WebApplication1", "WebApplication1\WebApplication1.csproj", "{ECD90C67-991F-41DA-81CB-AB800AF9411C}"
EndProject
Global
	GlobalSection(SolutionConfigurationPlatforms) = preSolution
		Debug|Any CPU = Debug|Any CPU
		Release|Any CPU = Release|Any CPU
	EndGlobalSection
	GlobalSection(ProjectConfigurationPlatforms) = postSolution
		{ECD90C67-991F-41DA-81CB-AB800AF9411C}.Debug|Any CPU.ActiveCfg = Debug|Any CPU
		{ECD90C67-991F-41DA-81CB-AB800AF9411C}.Debug|Any CPU.Build.0 = Debug|Any CPU
		{ECD90C67-991F-41DA-81CB-AB800AF9411C}.Release|Any CPU.ActiveCfg = Release|Any CPU
		{ECD90C67-991F-41DA-81CB-AB800AF9411C}.Release|Any CPU.Build.0 = Release|Any CPU
	EndGlobalSection
	GlobalSection(SolutionProperties) = preSolution
		HideSolutionNode = FALSE
	EndGlobalSection
	GlobalSection(ExtensibilityGlobals) = postSolution
		SolutionGuid = {4D39FF14-6A3A-4945-9E90-9D75688497AE}
	EndGlobalSection
EndGlobal
